
Microsoft Visual Studio Solution File, Format Version 12.00
# Visual Studio Version 16
VisualStudioVersion = 16.6.30114.105
MinimumVisualStudioVersion = 10.0.40219.1
Project("{F2A71F9B-5D33-465A-A702-920D77279786}") = "FsFindLib", "FsFindLib\FsFindLib.fsproj", "{CBB750A8-6AA1-4C1E-8888-E29C77B300EF}"
EndProject
Project("{F2A71F9B-5D33-465A-A702-920D77279786}") = "FsFind", "FsFind\FsFind.fsproj", "{4E8905A6-1AE1-432C-B63B-68D9A12AB73D}"
EndProject
Project("{F2A71F9B-5D33-465A-A702-920D77279786}") = "FsFindTests", "FsFindTests\FsFindTests.fsproj", "{5FAAE8D3-8193-4C83-968E-0AC4EF5A7CCB}"
EndProject
Global
	GlobalSection(SolutionConfigurationPlatforms) = preSolution
		Debug|Any CPU = Debug|Any CPU
		Debug|x64 = Debug|x64
		Debug|x86 = Debug|x86
		Release|Any CPU = Release|Any CPU
		Release|x64 = Release|x64
		Release|x86 = Release|x86
	EndGlobalSection
	GlobalSection(SolutionProperties) = preSolution
		HideSolutionNode = FALSE
	EndGlobalSection
	GlobalSection(ProjectConfigurationPlatforms) = postSolution
		{CBB750A8-6AA1-4C1E-8888-E29C77B300EF}.Debug|Any CPU.ActiveCfg = Debug|Any CPU
		{CBB750A8-6AA1-4C1E-8888-E29C77B300EF}.Debug|Any CPU.Build.0 = Debug|Any CPU
		{CBB750A8-6AA1-4C1E-8888-E29C77B300EF}.Debug|x64.ActiveCfg = Debug|Any CPU
		{CBB750A8-6AA1-4C1E-8888-E29C77B300EF}.Debug|x64.Build.0 = Debug|Any CPU
		{CBB750A8-6AA1-4C1E-8888-E29C77B300EF}.Debug|x86.ActiveCfg = Debug|Any CPU
		{CBB750A8-6AA1-4C1E-8888-E29C77B300EF}.Debug|x86.Build.0 = Debug|Any CPU
		{CBB750A8-6AA1-4C1E-8888-E29C77B300EF}.Release|Any CPU.ActiveCfg = Release|Any CPU
		{CBB750A8-6AA1-4C1E-8888-E29C77B300EF}.Release|Any CPU.Build.0 = Release|Any CPU
		{CBB750A8-6AA1-4C1E-8888-E29C77B300EF}.Release|x64.ActiveCfg = Release|Any CPU
		{CBB750A8-6AA1-4C1E-8888-E29C77B300EF}.Release|x64.Build.0 = Release|Any CPU
		{CBB750A8-6AA1-4C1E-8888-E29C77B300EF}.Release|x86.ActiveCfg = Release|Any CPU
		{CBB750A8-6AA1-4C1E-8888-E29C77B300EF}.Release|x86.Build.0 = Release|Any CPU
		{4E8905A6-1AE1-432C-B63B-68D9A12AB73D}.Debug|Any CPU.ActiveCfg = Debug|Any CPU
		{4E8905A6-1AE1-432C-B63B-68D9A12AB73D}.Debug|Any CPU.Build.0 = Debug|Any CPU
		{4E8905A6-1AE1-432C-B63B-68D9A12AB73D}.Debug|x64.ActiveCfg = Debug|Any CPU
		{4E8905A6-1AE1-432C-B63B-68D9A12AB73D}.Debug|x64.Build.0 = Debug|Any CPU
		{4E8905A6-1AE1-432C-B63B-68D9A12AB73D}.Debug|x86.ActiveCfg = Debug|Any CPU
		{4E8905A6-1AE1-432C-B63B-68D9A12AB73D}.Debug|x86.Build.0 = Debug|Any CPU
		{4E8905A6-1AE1-432C-B63B-68D9A12AB73D}.Release|Any CPU.ActiveCfg = Release|Any CPU
		{4E8905A6-1AE1-432C-B63B-68D9A12AB73D}.Release|Any CPU.Build.0 = Release|Any CPU
		{4E8905A6-1AE1-432C-B63B-68D9A12AB73D}.Release|x64.ActiveCfg = Release|Any CPU
		{4E8905A6-1AE1-432C-B63B-68D9A12AB73D}.Release|x64.Build.0 = Release|Any CPU
		{4E8905A6-1AE1-432C-B63B-68D9A12AB73D}.Release|x86.ActiveCfg = Release|Any CPU
		{4E8905A6-1AE1-432C-B63B-68D9A12AB73D}.Release|x86.Build.0 = Release|Any CPU
		{5FAAE8D3-8193-4C83-968E-0AC4EF5A7CCB}.Debug|Any CPU.ActiveCfg = Debug|Any CPU
		{5FAAE8D3-8193-4C83-968E-0AC4EF5A7CCB}.Debug|Any CPU.Build.0 = Debug|Any CPU
		{5FAAE8D3-8193-4C83-968E-0AC4EF5A7CCB}.Debug|x64.ActiveCfg = Debug|Any CPU
		{5FAAE8D3-8193-4C83-968E-0AC4EF5A7CCB}.Debug|x64.Build.0 = Debug|Any CPU
		{5FAAE8D3-8193-4C83-968E-0AC4EF5A7CCB}.Debug|x86.ActiveCfg = Debug|Any CPU
		{5FAAE8D3-8193-4C83-968E-0AC4EF5A7CCB}.Debug|x86.Build.0 = Debug|Any CPU
		{5FAAE8D3-8193-4C83-968E-0AC4EF5A7CCB}.Release|Any CPU.ActiveCfg = Release|Any CPU
		{5FAAE8D3-8193-4C83-968E-0AC4EF5A7CCB}.Release|Any CPU.Build.0 = Release|Any CPU
		{5FAAE8D3-8193-4C83-968E-0AC4EF5A7CCB}.Release|x64.ActiveCfg = Release|Any CPU
		{5FAAE8D3-8193-4C83-968E-0AC4EF5A7CCB}.Release|x64.Build.0 = Release|Any CPU
		{5FAAE8D3-8193-4C83-968E-0AC4EF5A7CCB}.Release|x86.ActiveCfg = Release|Any CPU
		{5FAAE8D3-8193-4C83-968E-0AC4EF5A7CCB}.Release|x86.Build.0 = Release|Any CPU
	EndGlobalSection
EndGlobal
