# This file was autogenerated by Stack.
# You should not edit this file by hand.
# For more information, please see the documentation at:
#   https://docs.haskellstack.org/en/stable/lock_files

packages:
- completed:
    hackage: extra-1.7.14@sha256:e3d3ce1dc7746b1132930e48c59fb5e8c51a09e92e0c031316be031067a273fb,2707
    pantry-tree:
      sha256: 22bd4bbf11717a50e009bbbcb685038d1a45799c71abaf993edd93edcd0b2bc2
      size: 1960
  original:
    hackage: extra-1.7.14
snapshots:
- completed:
    sha256: 63539429076b7ebbab6daa7656cfb079393bf644971156dc349d7c0453694ac2
    size: 586296
    url: https://raw.githubusercontent.com/commercialhaskell/stackage-snapshots/master/lts/18/18.yaml
  original:
    url: https://raw.githubusercontent.com/commercialhaskell/stackage-snapshots/master/lts/18/18.yaml
