github.com/mattn/go-sqlite3 v1.14.22 h1:2gZY6PC6kBnID23Tichd1K+Z0oS6nE/XwU+Vz/5o4kU=
github.com/mattn/go-sqlite3 v1.14.22/go.mod h1:Uh1q+B4BYcTPb+yiD3kU8Ct7aC0hY9fxUwlHK0RXw+Y=
github.com/pmylund/sortutil v0.0.0-20120526081524-abeda66eb583 h1:ogHi8YLNeIxABOaH6UgtbwkODheuAK+ErP8gWXYQVj0=
github.com/pmylund/sortutil v0.0.0-20120526081524-abeda66eb583/go.mod h1:sFPiU/UgDcsQVu3vkqpZLCXWFwUoQRpHGu9ATihPAl0=
