
Microsoft Visual Studio Solution File, Format Version 12.00
# Visual Studio Version 16
VisualStudioVersion = 16.6.30114.105
MinimumVisualStudioVersion = 10.0.40219.1
Project("{FAE04EC0-301F-11D3-BF4B-00C04F79EFBC}") = "CsFindLib", "CsFindLib\CsFindLib.csproj", "{9CC58D59-BE44-44D5-B9D5-6B3BD056CFFD}"
EndProject
Project("{FAE04EC0-301F-11D3-BF4B-00C04F79EFBC}") = "CsFind", "CsFind\CsFind.csproj", "{47B1BDB9-65FA-4A5A-964D-366A43792B4B}"
EndProject
Project("{FAE04EC0-301F-11D3-BF4B-00C04F79EFBC}") = "CsFindTests", "CsFindTests\CsFindTests.csproj", "{C76E2D7A-F359-4F4C-A90E-824DABA91D29}"
EndProject
Global
	GlobalSection(SolutionConfigurationPlatforms) = preSolution
		Debug|Any CPU = Debug|Any CPU
		Debug|x64 = Debug|x64
		Debug|x86 = Debug|x86
		Release|Any CPU = Release|Any CPU
		Release|x64 = Release|x64
		Release|x86 = Release|x86
	EndGlobalSection
	GlobalSection(SolutionProperties) = preSolution
		HideSolutionNode = FALSE
	EndGlobalSection
	GlobalSection(ProjectConfigurationPlatforms) = postSolution
		{9CC58D59-BE44-44D5-B9D5-6B3BD056CFFD}.Debug|Any CPU.ActiveCfg = Debug|Any CPU
		{9CC58D59-BE44-44D5-B9D5-6B3BD056CFFD}.Debug|Any CPU.Build.0 = Debug|Any CPU
		{9CC58D59-BE44-44D5-B9D5-6B3BD056CFFD}.Debug|x64.ActiveCfg = Debug|Any CPU
		{9CC58D59-BE44-44D5-B9D5-6B3BD056CFFD}.Debug|x64.Build.0 = Debug|Any CPU
		{9CC58D59-BE44-44D5-B9D5-6B3BD056CFFD}.Debug|x86.ActiveCfg = Debug|Any CPU
		{9CC58D59-BE44-44D5-B9D5-6B3BD056CFFD}.Debug|x86.Build.0 = Debug|Any CPU
		{9CC58D59-BE44-44D5-B9D5-6B3BD056CFFD}.Release|Any CPU.ActiveCfg = Release|Any CPU
		{9CC58D59-BE44-44D5-B9D5-6B3BD056CFFD}.Release|Any CPU.Build.0 = Release|Any CPU
		{9CC58D59-BE44-44D5-B9D5-6B3BD056CFFD}.Release|x64.ActiveCfg = Release|Any CPU
		{9CC58D59-BE44-44D5-B9D5-6B3BD056CFFD}.Release|x64.Build.0 = Release|Any CPU
		{9CC58D59-BE44-44D5-B9D5-6B3BD056CFFD}.Release|x86.ActiveCfg = Release|Any CPU
		{9CC58D59-BE44-44D5-B9D5-6B3BD056CFFD}.Release|x86.Build.0 = Release|Any CPU
		{47B1BDB9-65FA-4A5A-964D-366A43792B4B}.Debug|Any CPU.ActiveCfg = Debug|Any CPU
		{47B1BDB9-65FA-4A5A-964D-366A43792B4B}.Debug|Any CPU.Build.0 = Debug|Any CPU
		{47B1BDB9-65FA-4A5A-964D-366A43792B4B}.Debug|x64.ActiveCfg = Debug|Any CPU
		{47B1BDB9-65FA-4A5A-964D-366A43792B4B}.Debug|x64.Build.0 = Debug|Any CPU
		{47B1BDB9-65FA-4A5A-964D-366A43792B4B}.Debug|x86.ActiveCfg = Debug|Any CPU
		{47B1BDB9-65FA-4A5A-964D-366A43792B4B}.Debug|x86.Build.0 = Debug|Any CPU
		{47B1BDB9-65FA-4A5A-964D-366A43792B4B}.Release|Any CPU.ActiveCfg = Release|Any CPU
		{47B1BDB9-65FA-4A5A-964D-366A43792B4B}.Release|Any CPU.Build.0 = Release|Any CPU
		{47B1BDB9-65FA-4A5A-964D-366A43792B4B}.Release|x64.ActiveCfg = Release|Any CPU
		{47B1BDB9-65FA-4A5A-964D-366A43792B4B}.Release|x64.Build.0 = Release|Any CPU
		{47B1BDB9-65FA-4A5A-964D-366A43792B4B}.Release|x86.ActiveCfg = Release|Any CPU
		{47B1BDB9-65FA-4A5A-964D-366A43792B4B}.Release|x86.Build.0 = Release|Any CPU
		{C76E2D7A-F359-4F4C-A90E-824DABA91D29}.Debug|Any CPU.ActiveCfg = Debug|Any CPU
		{C76E2D7A-F359-4F4C-A90E-824DABA91D29}.Debug|Any CPU.Build.0 = Debug|Any CPU
		{C76E2D7A-F359-4F4C-A90E-824DABA91D29}.Debug|x64.ActiveCfg = Debug|Any CPU
		{C76E2D7A-F359-4F4C-A90E-824DABA91D29}.Debug|x64.Build.0 = Debug|Any CPU
		{C76E2D7A-F359-4F4C-A90E-824DABA91D29}.Debug|x86.ActiveCfg = Debug|Any CPU
		{C76E2D7A-F359-4F4C-A90E-824DABA91D29}.Debug|x86.Build.0 = Debug|Any CPU
		{C76E2D7A-F359-4F4C-A90E-824DABA91D29}.Release|Any CPU.ActiveCfg = Release|Any CPU
		{C76E2D7A-F359-4F4C-A90E-824DABA91D29}.Release|Any CPU.Build.0 = Release|Any CPU
		{C76E2D7A-F359-4F4C-A90E-824DABA91D29}.Release|x64.ActiveCfg = Release|Any CPU
		{C76E2D7A-F359-4F4C-A90E-824DABA91D29}.Release|x64.Build.0 = Release|Any CPU
		{C76E2D7A-F359-4F4C-A90E-824DABA91D29}.Release|x86.ActiveCfg = Release|Any CPU
		{C76E2D7A-F359-4F4C-A90E-824DABA91D29}.Release|x86.Build.0 = Release|Any CPU
	EndGlobalSection
EndGlobal
